// !$*UTF8*$!
{
	archiveVersion = 1;
	classes = {
	};
	objectVersion = 46;
	objects = {

/* Begin PBXBuildFile section */
		50469F5819F5BFDD00902D64 /* bong.wav in Resources */ = {isa = PBXBuildFile; fileRef = 50469F5719F5BFDD00902D64 /* bong.wav */; };
		50B1918F19F4250600C7AD9A /* AppDelegate.swift in Sources */ = {isa = PBXBuildFile; fileRef = 50B1918E19F4250600C7AD9A /* AppDelegate.swift */; };
		50B1919119F4250600C7AD9A /* ViewController.swift in Sources */ = {isa = PBXBuildFile; fileRef = 50B1919019F4250600C7AD9A /* ViewController.swift */; };
		50B1919419F4250600C7AD9A /* Main.storyboard in Resources */ = {isa = PBXBuildFile; fileRef = 50B1919219F4250600C7AD9A /* Main.storyboard */; };
		50B1919619F4250600C7AD9A /* Images.xcassets in Resources */ = {isa = PBXBuildFile; fileRef = 50B1919519F4250600C7AD9A /* Images.xcassets */; };
		50B1919919F4250600C7AD9A /* LaunchScreen.xib in Resources */ = {isa = PBXBuildFile; fileRef = 50B1919719F4250600C7AD9A /* LaunchScreen.xib */; };
		50B191A519F4250600C7AD9A /* memeTests.swift in Sources */ = {isa = PBXBuildFile; fileRef = 50B191A419F4250600C7AD9A /* memeTests.swift */; };
		50B191B119F4282800C7AD9A /* View2.swift in Sources */ = {isa = PBXBuildFile; fileRef = 50B191B019F4282800C7AD9A /* View2.swift */; };
/* End PBXBuildFile section */

/* Begin PBXContainerItemProxy section */
		50B1919F19F4250600C7AD9A /* PBXContainerItemProxy */ = {
			isa = PBXContainerItemProxy;
			containerPortal = 50B1918119F4250600C7AD9A /* Project object */;
			proxyType = 1;
			remoteGlobalIDString = 50B1918819F4250600C7AD9A;
			remoteInfo = meme;
		};
/* End PBXContainerItemProxy section */

/* Begin PBXFileReference section */
		50469F5719F5BFDD00902D64 /* bong.wav */ = {isa = PBXFileReference; lastKnownFileType = audio.wav; path = bong.wav; sourceTree = "<group>"; };
		50B1918919F4250600C7AD9A /* meme.app */ = {isa = PBXFileReference; explicitFileType = wrapper.application; includeInIndex = 0; path = meme.app; sourceTree = BUILT_PRODUCTS_DIR; };
		50B1918D19F4250600C7AD9A /* Info.plist */ = {isa = PBXFileReference; lastKnownFileType = text.plist.xml; path = Info.plist; sourceTree = "<group>"; };
		50B1918E19F4250600C7AD9A /* AppDelegate.swift */ = {isa = PBXFileReference; lastKnownFileType = sourcecode.swift; path = AppDelegate.swift; sourceTree = "<group>"; };
		50B1919019F4250600C7AD9A /* ViewController.swift */ = {isa = PBXFileReference; lastKnownFileType = sourcecode.swift; path = ViewController.swift; sourceTree = "<group>"; };
		50B1919319F4250600C7AD9A /* Base */ = {isa = PBXFileReference; lastKnownFileType = file.storyboard; name = Base; path = Base.lproj/Main.storyboard; sourceTree = "<group>"; };
		50B1919519F4250600C7AD9A /* Images.xcassets */ = {isa = PBXFileReference; lastKnownFileType = folder.assetcatalog; path = Images.xcassets; sourceTree = "<group>"; };
		50B1919819F4250600C7AD9A /* Base */ = {isa = PBXFileReference; lastKnownFileType = file.xib; name = Base; path = Base.lproj/LaunchScreen.xib; sourceTree = "<group>"; };
		50B1919E19F4250600C7AD9A /* memeTests.xctest */ = {isa = PBXFileReference; explicitFileType = wrapper.cfbundle; includeInIndex = 0; path = memeTests.xctest; sourceTree = BUILT_PRODUCTS_DIR; };
		50B191A319F4250600C7AD9A /* Info.plist */ = {isa = PBXFileReference; lastKnownFileType = text.plist.xml; path = Info.plist; sourceTree = "<group>"; };
		50B191A419F4250600C7AD9A /* memeTests.swift */ = {isa = PBXFileReference; lastKnownFileType = sourcecode.swift; path = memeTests.swift; sourceTree = "<group>"; };
		50B191B019F4282800C7AD9A /* View2.swift */ = {isa = PBXFileReference; fileEncoding = 4; lastKnownFileType = sourcecode.swift; path = View2.swift; sourceTree = "<group>"; };
/* End PBXFileReference section */

/* Begin PBXFrameworksBuildPhase section */
		50B1918619F4250600C7AD9A /* Frameworks */ = {
			isa = PBXFrameworksBuildPhase;
			buildActionMask = 2147483647;
			files = (
			);
			runOnlyForDeploymentPostprocessing = 0;
		};
		50B1919B19F4250600C7AD9A /* Frameworks */ = {
			isa = PBXFrameworksBuildPhase;
			buildActionMask = 2147483647;
			files = (
			);
			runOnlyForDeploymentPostprocessing = 0;
		};
/* End PBXFrameworksBuildPhase section */

/* Begin PBXGroup section */
		50B1918019F4250600C7AD9A = {
			isa = PBXGroup;
			children = (
				50B1918B19F4250600C7AD9A /* meme */,
				50B191A119F4250600C7AD9A /* memeTests */,
				50B1918A19F4250600C7AD9A /* Products */,
			);
			sourceTree = "<group>";
		};
		50B1918A19F4250600C7AD9A /* Products */ = {
			isa = PBXGroup;
			children = (
				50B1918919F4250600C7AD9A /* meme.app */,
				50B1919E19F4250600C7AD9A /* memeTests.xctest */,
			);
			name = Products;
			sourceTree = "<group>";
		};
		50B1918B19F4250600C7AD9A /* meme */ = {
			isa = PBXGroup;
			children = (
				50469F5719F5BFDD00902D64 /* bong.wav */,
				50B191B019F4282800C7AD9A /* View2.swift */,
				50B1918E19F4250600C7AD9A /* AppDelegate.swift */,
				50B1919019F4250600C7AD9A /* ViewController.swift */,
				50B1919219F4250600C7AD9A /* Main.storyboard */,
				50B1919519F4250600C7AD9A /* Images.xcassets */,
				50B1919719F4250600C7AD9A /* LaunchScreen.xib */,
				50B1918C19F4250600C7AD9A /* Supporting Files */,
			);
			path = meme;
			sourceTree = "<group>";
		};
		50B1918C19F4250600C7AD9A /* Supporting Files */ = {
			isa = PBXGroup;
			children = (
				50B1918D19F4250600C7AD9A /* Info.plist */,
			);
			name = "Supporting Files";
			sourceTree = "<group>";
		};
		50B191A119F4250600C7AD9A /* memeTests */ = {
			isa = PBXGroup;
			children = (
				50B191A419F4250600C7AD9A /* memeTests.swift */,
				50B191A219F4250600C7AD9A /* Supporting Files */,
			);
			path = memeTests;
			sourceTree = "<group>";
		};
		50B191A219F4250600C7AD9A /* Supporting Files */ = {
			isa = PBXGroup;
			children = (
				50B191A319F4250600C7AD9A /* Info.plist */,
			);
			name = "Supporting Files";
			sourceTree = "<group>";
		};
/* End PBXGroup section */

/* Begin PBXNativeTarget section */
		50B1918819F4250600C7AD9A /* meme */ = {
			isa = PBXNativeTarget;
			buildConfigurationList = 50B191A819F4250600C7AD9A /* Build configuration list for PBXNativeTarget "meme" */;
			buildPhases = (
				50B1918519F4250600C7AD9A /* Sources */,
				50B1918619F4250600C7AD9A /* Frameworks */,
				50B1918719F4250600C7AD9A /* Resources */,
			);
			buildRules = (
			);
			dependencies = (
			);
			name = meme;
			productName = meme;
			productReference = 50B1918919F4250600C7AD9A /* meme.app */;
			productType = "com.apple.product-type.application";
		};
		50B1919D19F4250600C7AD9A /* memeTests */ = {
			isa = PBXNativeTarget;
			buildConfigurationList = 50B191AB19F4250600C7AD9A /* Build configuration list for PBXNativeTarget "memeTests" */;
			buildPhases = (
				50B1919A19F4250600C7AD9A /* Sources */,
				50B1919B19F4250600C7AD9A /* Frameworks */,
				50B1919C19F4250600C7AD9A /* Resources */,
			);
			buildRules = (
			);
			dependencies = (
				50B191A019F4250600C7AD9A /* PBXTargetDependency */,
			);
			name = memeTests;
			productName = memeTests;
			productReference = 50B1919E19F4250600C7AD9A /* memeTests.xctest */;
			productType = "com.apple.product-type.bundle.unit-test";
		};
/* End PBXNativeTarget section */

/* Begin PBXProject section */
		50B1918119F4250600C7AD9A /* Project object */ = {
			isa = PBXProject;
			attributes = {
				LastUpgradeCheck = 0600;
				ORGANIZATIONNAME = "Razvigor Andreev";
				TargetAttributes = {
					50B1918819F4250600C7AD9A = {
						CreatedOnToolsVersion = 6.0.1;
					};
					50B1919D19F4250600C7AD9A = {
						CreatedOnToolsVersion = 6.0.1;
						TestTargetID = 50B1918819F4250600C7AD9A;
					};
				};
			};
			buildConfigurationList = 50B1918419F4250600C7AD9A /* Build configuration list for PBXProject "meme" */;
			compatibilityVersion = "Xcode 3.2";
			developmentRegion = English;
			hasScannedForEncodings = 0;
			knownRegions = (
				en,
				Base,
			);
			mainGroup = 50B1918019F4250600C7AD9A;
			productRefGroup = 50B1918A19F4250600C7AD9A /* Products */;
			projectDirPath = "";
			projectRoot = "";
			targets = (
				50B1918819F4250600C7AD9A /* meme */,
				50B1919D19F4250600C7AD9A /* memeTests */,
			);
		};
/* End PBXProject section */

/* Begin PBXResourcesBuildPhase section */
		50B1918719F4250600C7AD9A /* Resources */ = {
			isa = PBXResourcesBuildPhase;
			buildActionMask = 2147483647;
			files = (
				50B1919419F4250600C7AD9A /* Main.storyboard in Resources */,
				50B1919919F4250600C7AD9A /* LaunchScreen.xib in Resources */,
				50469F5819F5BFDD00902D64 /* bong.wav in Resources */,
				50B1919619F4250600C7AD9A /* Images.xcassets in Resources */,
			);
			runOnlyForDeploymentPostprocessing = 0;
		};
		50B1919C19F4250600C7AD9A /* Resources */ = {
			isa = PBXResourcesBuildPhase;
			buildActionMask = 2147483647;
			files = (
			);
			runOnlyForDeploymentPostprocessing = 0;
		};
/* End PBXResourcesBuildPhase section */

/* Begin PBXSourcesBuildPhase section */
		50B1918519F4250600C7AD9A /* Sources */ = {
			isa = PBXSourcesBuildPhase;
			buildActionMask = 2147483647;
			files = (
				50B1919119F4250600C7AD9A /* ViewController.swift in Sources */,
				50B191B119F4282800C7AD9A /* View2.swift in Sources */,
				50B1918F19F4250600C7AD9A /* AppDelegate.swift in Sources */,
			);
			runOnlyForDeploymentPostprocessing = 0;
		};
		50B1919A19F4250600C7AD9A /* Sources */ = {
			isa = PBXSourcesBuildPhase;
			buildActionMask = 2147483647;
			files = (
				50B191A519F4250600C7AD9A /* memeTests.swift in Sources */,
			);
			runOnlyForDeploymentPostprocessing = 0;
		};
/* End PBXSourcesBuildPhase section */

/* Begin PBXTargetDependency section */
		50B191A019F4250600C7AD9A /* PBXTargetDependency */ = {
			isa = PBXTargetDependency;
			target = 50B1918819F4250600C7AD9A /* meme */;
			targetProxy = 50B1919F19F4250600C7AD9A /* PBXContainerItemProxy */;
		};
/* End PBXTargetDependency section */

/* Begin PBXVariantGroup section */
		50B1919219F4250600C7AD9A /* Main.storyboard */ = {
			isa = PBXVariantGroup;
			children = (
				50B1919319F4250600C7AD9A /* Base */,
			);
			name = Main.storyboard;
			sourceTree = "<group>";
		};
		50B1919719F4250600C7AD9A /* LaunchScreen.xib */ = {
			isa = PBXVariantGroup;
			children = (
				50B1919819F4250600C7AD9A /* Base */,
			);
			name = LaunchScreen.xib;
			sourceTree = "<group>";
		};
/* End PBXVariantGroup section */

/* Begin XCBuildConfiguration section */
		50B191A619F4250600C7AD9A /* Debug */ = {
			isa = XCBuildConfiguration;
			buildSettings = {
				ALWAYS_SEARCH_USER_PATHS = NO;
				CLANG_CXX_LANGUAGE_STANDARD = "gnu++0x";
				CLANG_CXX_LIBRARY = "libc++";
				CLANG_ENABLE_MODULES = YES;
				CLANG_ENABLE_OBJC_ARC = YES;
				CLANG_WARN_BOOL_CONVERSION = YES;
				CLANG_WARN_CONSTANT_CONVERSION = YES;
				CLANG_WARN_DIRECT_OBJC_ISA_USAGE = YES_ERROR;
				CLANG_WARN_EMPTY_BODY = YES;
				CLANG_WARN_ENUM_CONVERSION = YES;
				CLANG_WARN_INT_CONVERSION = YES;
				CLANG_WARN_OBJC_ROOT_CLASS = YES_ERROR;
				CLANG_WARN_UNREACHABLE_CODE = YES;
				CLANG_WARN__DUPLICATE_METHOD_MATCH = YES;
				"CODE_SIGN_IDENTITY[sdk=iphoneos*]" = "iPhone Developer";
				COPY_PHASE_STRIP = NO;
				ENABLE_STRICT_OBJC_MSGSEND = YES;
				GCC_C_LANGUAGE_STANDARD = gnu99;
				GCC_DYNAMIC_NO_PIC = NO;
				GCC_OPTIMIZATION_LEVEL = 0;
				GCC_PREPROCESSOR_DEFINITIONS = (
					"DEBUG=1",
					"$(inherited)",
				);
				GCC_SYMBOLS_PRIVATE_EXTERN = NO;
				GCC_WARN_64_TO_32_BIT_CONVERSION = YES;
				GCC_WARN_ABOUT_RETURN_TYPE = YES_ERROR;
				GCC_WARN_UNDECLARED_SELECTOR = YES;
				GCC_WARN_UNINITIALIZED_AUTOS = YES_AGGRESSIVE;
				GCC_WARN_UNUSED_FUNCTION = YES;
				GCC_WARN_UNUSED_VARIABLE = YES;
				IPHONEOS_DEPLOYMENT_TARGET = 8.0;
				MTL_ENABLE_DEBUG_INFO = YES;
				ONLY_ACTIVE_ARCH = YES;
				SDKROOT = iphoneos;
				SWIFT_OPTIMIZATION_LEVEL = "-Onone";
				TARGETED_DEVICE_FAMILY = "1,2";
			};
			name = Debug;
		};
		50B191A719F4250600C7AD9A /* Release */ = {
			isa = XCBuildConfiguration;
			buildSettings = {
				ALWAYS_SEARCH_USER_PATHS = NO;
				CLANG_CXX_LANGUAGE_STANDARD = "gnu++0x";
				CLANG_CXX_LIBRARY = "libc++";
				CLANG_ENABLE_MODULES = YES;
				CLANG_ENABLE_OBJC_ARC = YES;
				CLANG_WARN_BOOL_CONVERSION = YES;
				CLANG_WARN_CONSTANT_CONVERSION = YES;
				CLANG_WARN_DIRECT_OBJC_ISA_USAGE = YES_ERROR;
				CLANG_WARN_EMPTY_BODY = YES;
				CLANG_WARN_ENUM_CONVERSION = YES;
				CLANG_WARN_INT_CONVERSION = YES;
				CLANG_WARN_OBJC_ROOT_CLASS = YES_ERROR;
				CLANG_WARN_UNREACHABLE_CODE = YES;
				CLANG_WARN__DUPLICATE_METHOD_MATCH = YES;
				"CODE_SIGN_IDENTITY[sdk=iphoneos*]" = "iPhone Developer";
				COPY_PHASE_STRIP = YES;
				ENABLE_NS_ASSERTIONS = NO;
				ENABLE_STRICT_OBJC_MSGSEND = YES;
				GCC_C_LANGUAGE_STANDARD = gnu99;
				GCC_WARN_64_TO_32_BIT_CONVERSION = YES;
				GCC_WARN_ABOUT_RETURN_TYPE = YES_ERROR;
				GCC_WARN_UNDECLARED_SELECTOR = YES;
				GCC_WARN_UNINITIALIZED_AUTOS = YES_AGGRESSIVE;
				GCC_WARN_UNUSED_FUNCTION = YES;
				GCC_WARN_UNUSED_VARIABLE = YES;
				IPHONEOS_DEPLOYMENT_TARGET = 8.0;
				MTL_ENABLE_DEBUG_INFO = NO;
				SDKROOT = iphoneos;
				TARGETED_DEVICE_FAMILY = "1,2";
				VALIDATE_PRODUCT = YES;
			};
			name = Release;
		};
		50B191A919F4250600C7AD9A /* Debug */ = {
			isa = XCBuildConfiguration;
			buildSettings = {
				ASSETCATALOG_COMPILER_APPICON_NAME = AppIcon;
				INFOPLIST_FILE = meme/Info.plist;
				LD_RUNPATH_SEARCH_PATHS = "$(inherited) @executable_path/Frameworks";
				PRODUCT_NAME = "$(TARGET_NAME)";
			};
			name = Debug;
		};
		50B191AA19F4250600C7AD9A /* Release */ = {
			isa = XCBuildConfiguration;
			buildSettings = {
				ASSETCATALOG_COMPILER_APPICON_NAME = AppIcon;
				INFOPLIST_FILE = meme/Info.plist;
				LD_RUNPATH_SEARCH_PATHS = "$(inherited) @executable_path/Frameworks";
				PRODUCT_NAME = "$(TARGET_NAME)";
			};
			name = Release;
		};
		50B191AC19F4250600C7AD9A /* Debug */ = {
			isa = XCBuildConfiguration;
			buildSettings = {
				BUNDLE_LOADER = "$(TEST_HOST)";
				FRAMEWORK_SEARCH_PATHS = (
					"$(SDKROOT)/Developer/Library/Frameworks",
					"$(inherited)",
				);
				GCC_PREPROCESSOR_DEFINITIONS = (
					"DEBUG=1",
					"$(inherited)",
				);
				INFOPLIST_FILE = memeTests/Info.plist;
				LD_RUNPATH_SEARCH_PATHS = "$(inherited) @executable_path/Frameworks @loader_path/Frameworks";
				PRODUCT_NAME = "$(TARGET_NAME)";
				TEST_HOST = "$(BUILT_PRODUCTS_DIR)/meme.app/meme";
			};
			name = Debug;
		};
		50B191AD19F4250600C7AD9A /* Release */ = {
			isa = XCBuildConfiguration;
			buildSettings = {
				BUNDLE_LOADER = "$(TEST_HOST)";
				FRAMEWORK_SEARCH_PATHS = (
					"$(SDKROOT)/Developer/Library/Frameworks",
					"$(inherited)",
				);
				INFOPLIST_FILE = memeTests/Info.plist;
				LD_RUNPATH_SEARCH_PATHS = "$(inherited) @executable_path/Frameworks @loader_path/Frameworks";
				PRODUCT_NAME = "$(TARGET_NAME)";
				TEST_HOST = "$(BUILT_PRODUCTS_DIR)/meme.app/meme";
			};
			name = Release;
		};
/* End XCBuildConfiguration section */

/* Begin XCConfigurationList section */
		50B1918419F4250600C7AD9A /* Build configuration list for PBXProject "meme" */ = {
			isa = XCConfigurationList;
			buildConfigurations = (
				50B191A619F4250600C7AD9A /* Debug */,
				50B191A719F4250600C7AD9A /* Release */,
			);
			defaultConfigurationIsVisible = 0;
			defaultConfigurationName = Release;
		};
		50B191A819F4250600C7AD9A /* Build configuration list for PBXNativeTarget "meme" */ = {
			isa = XCConfigurationList;
			buildConfigurations = (
				50B191A919F4250600C7AD9A /* Debug */,
				50B191AA19F4250600C7AD9A /* Release */,
			);
			defaultConfigurationIsVisible = 0;
			defaultConfigurationName = Release;
		};
		50B191AB19F4250600C7AD9A /* Build configuration list for PBXNativeTarget "memeTests" */ = {
			isa = XCConfigurationList;
			buildConfigurations = (
				50B191AC19F4250600C7AD9A /* Debug */,
				50B191AD19F4250600C7AD9A /* Release */,
			);
			defaultConfigurationIsVisible = 0;
			defaultConfigurationName = Release;
		};
/* End XCConfigurationList section */
	};
	rootObject = 50B1918119F4250600C7AD9A /* Project object */;
}
